
Microsoft Visual Studio Solution File, Format Version 12.00
# Visual Studio Version 17
VisualStudioVersion = 17.11.35303.130
MinimumVisualStudioVersion = 10.0.40219.1
Project("{9A19103F-16F7-4668-BE54-9A1E7A4F7556}") = "Week4Loops", "Week4Loops\Week4Loops.csproj", "{F97694EA-FBDA-434D-AE9B-51027E833F1C}"
EndProject
Project("{9A19103F-16F7-4668-BE54-9A1E7A4F7556}") = "ForLoopSum", "ForLoopSum\ForLoopSum.csproj", "{A26ECA7D-427F-4F60-9211-D495DDA202E8}"
EndProject
Project("{9A19103F-16F7-4668-BE54-9A1E7A4F7556}") = "RandomNumber", "RandomNumber\RandomNumber.csproj", "{A7FEE41C-D622-4658-93E6-103CAD56177A}"
EndProject
Project("{FAE04EC0-301F-11D3-BF4B-00C04F79EFBC}") = "WhileLoops", "WhileLoops\WhileLoops.csproj", "{27BC7424-1C92-47FF-BD6E-58E67310CBBB}"
EndProject
Global
	GlobalSection(SolutionConfigurationPlatforms) = preSolution
		Debug|Any CPU = Debug|Any CPU
		Release|Any CPU = Release|Any CPU
	EndGlobalSection
	GlobalSection(ProjectConfigurationPlatforms) = postSolution
		{F97694EA-FBDA-434D-AE9B-51027E833F1C}.Debug|Any CPU.ActiveCfg = Debug|Any CPU
		{F97694EA-FBDA-434D-AE9B-51027E833F1C}.Debug|Any CPU.Build.0 = Debug|Any CPU
		{F97694EA-FBDA-434D-AE9B-51027E833F1C}.Release|Any CPU.ActiveCfg = Release|Any CPU
		{F97694EA-FBDA-434D-AE9B-51027E833F1C}.Release|Any CPU.Build.0 = Release|Any CPU
		{A26ECA7D-427F-4F60-9211-D495DDA202E8}.Debug|Any CPU.ActiveCfg = Debug|Any CPU
		{A26ECA7D-427F-4F60-9211-D495DDA202E8}.Debug|Any CPU.Build.0 = Debug|Any CPU
		{A26ECA7D-427F-4F60-9211-D495DDA202E8}.Release|Any CPU.ActiveCfg = Release|Any CPU
		{A26ECA7D-427F-4F60-9211-D495DDA202E8}.Release|Any CPU.Build.0 = Release|Any CPU
		{A7FEE41C-D622-4658-93E6-103CAD56177A}.Debug|Any CPU.ActiveCfg = Debug|Any CPU
		{A7FEE41C-D622-4658-93E6-103CAD56177A}.Debug|Any CPU.Build.0 = Debug|Any CPU
		{A7FEE41C-D622-4658-93E6-103CAD56177A}.Release|Any CPU.ActiveCfg = Release|Any CPU
		{A7FEE41C-D622-4658-93E6-103CAD56177A}.Release|Any CPU.Build.0 = Release|Any CPU
		{27BC7424-1C92-47FF-BD6E-58E67310CBBB}.Debug|Any CPU.ActiveCfg = Debug|Any CPU
		{27BC7424-1C92-47FF-BD6E-58E67310CBBB}.Debug|Any CPU.Build.0 = Debug|Any CPU
		{27BC7424-1C92-47FF-BD6E-58E67310CBBB}.Release|Any CPU.ActiveCfg = Release|Any CPU
		{27BC7424-1C92-47FF-BD6E-58E67310CBBB}.Release|Any CPU.Build.0 = Release|Any CPU
	EndGlobalSection
	GlobalSection(SolutionProperties) = preSolution
		HideSolutionNode = FALSE
	EndGlobalSection
	GlobalSection(ExtensibilityGlobals) = postSolution
		SolutionGuid = {CB76F18C-54BB-461D-9059-31888E7D8538}
	EndGlobalSection
EndGlobal
